# @generated by Move, please check-in and do not edit manually.

[move]
version = 3
manifest_digest = "7F6D52653604AFF56812B5B7D7404B5B9470ED2289FBBA5B4A1ABB0D2A5C4F90"
deps_digest = "3C4103934B1E040BB6B23F1D610B4EF9F2F1166A50A104EADCF77467C004C600"
dependencies = [
  { id = "MoveStdlib", name = "MoveStdlib" },
  { id = "SuiSystem", name = "SuiSystem" },
]

[[move.package]]
id = "BfcSystem"
source = { git = "https://github.com/hellokittyboy-code/obc", rev = "develop_v1.2.0_treasury", subdir = "crates/sui-framework/packages/bfc-system" }

dependencies = [
  { id = "MoveStdlib", name = "MoveStdlib" },
  { id = "Sui", name = "Sui" },
]

[[move.package]]
id = "MoveStdlib"
source = { git = "https://github.com/hellokittyboy-code/obc", rev = "develop_v1.2.0_treasury", subdir = "crates/sui-framework/packages/move-stdlib" }

[[move.package]]
id = "Sui"
source = { git = "https://github.com/hellokittyboy-code/obc", rev = "develop_v1.2.0_treasury", subdir = "crates/sui-framework/packages/sui-framework" }

dependencies = [
  { id = "MoveStdlib", name = "MoveStdlib" },
]

[[move.package]]
id = "SuiSystem"
source = { git = "https://github.com/hellokittyboy-code/obc", rev = "develop_v1.2.0_treasury", subdir = "crates/sui-framework/packages/sui-system" }

dependencies = [
  { id = "BfcSystem", name = "BfcSystem" },
]

[move.toolchain-version]
compiler-version = "1.24.0"
edition = "2024.beta"
flavor = "sui"
